
Microsoft Visual Studio Solution File, Format Version 12.00
# Visual Studio Version 17
VisualStudioVersion = 17.14.36414.22 d17.14
MinimumVisualStudioVersion = 10.0.40219.1
Project("{FAE04EC0-301F-11D3-BF4B-00C04F79EFBC}") = "NugetDownloader", "NugetDownloader.csproj", "{6316B674-C408-1C59-84AA-C212F084FFED}"
EndProject
Global
	GlobalSection(SolutionConfigurationPlatforms) = preSolution
		Debug|Any CPU = Debug|Any CPU
		Release|Any CPU = Release|Any CPU
	EndGlobalSection
	GlobalSection(ProjectConfigurationPlatforms) = postSolution
		{6316B674-C408-1C59-84AA-C212F084FFED}.Debug|Any CPU.ActiveCfg = Debug|Any CPU
		{6316B674-C408-1C59-84AA-C212F084FFED}.Debug|Any CPU.Build.0 = Debug|Any CPU
		{6316B674-C408-1C59-84AA-C212F084FFED}.Release|Any CPU.ActiveCfg = Release|Any CPU
		{6316B674-C408-1C59-84AA-C212F084FFED}.Release|Any CPU.Build.0 = Release|Any CPU
	EndGlobalSection
	GlobalSection(SolutionProperties) = preSolution
		HideSolutionNode = FALSE
	EndGlobalSection
	GlobalSection(ExtensibilityGlobals) = postSolution
		SolutionGuid = {B4F9F1CA-729F-4F31-868F-7F47E16D7BF5}
	EndGlobalSection
EndGlobal
